
Microsoft Visual Studio Solution File, Format Version 12.00
# Visual Studio 15
VisualStudioVersion = 15.0.28307.271
MinimumVisualStudioVersion = 10.0.40219.1
Project("{FAE04EC0-301F-11D3-BF4B-00C04F79EFBC}") = "AppDAM10.Android", "AppDAM10\AppDAM10.Android\AppDAM10.Android.csproj", "{C8844AF2-A12E-471A-B2A6-7CA63105C1DD}"
EndProject
Project("{FAE04EC0-301F-11D3-BF4B-00C04F79EFBC}") = "AppDAM10.iOS", "AppDAM10\AppDAM10.iOS\AppDAM10.iOS.csproj", "{3E918729-9CDB-4CDA-9E02-78294D26229E}"
EndProject
Project("{FAE04EC0-301F-11D3-BF4B-00C04F79EFBC}") = "AppDAM10.UWP", "AppDAM10\AppDAM10.UWP\AppDAM10.UWP.csproj", "{520764A9-7FEF-4304-9CB5-59A22F047EF6}"
EndProject
Project("{9A19103F-16F7-4668-BE54-9A1E7A4F7556}") = "AppDAM10", "AppDAM10\AppDAM10\AppDAM10.csproj", "{405E014D-F4E8-470C-BD9C-670DDD91962D}"
EndProject
Global
	GlobalSection(SolutionConfigurationPlatforms) = preSolution
		Ad-Hoc|Any CPU = Ad-Hoc|Any CPU
		Ad-Hoc|ARM = Ad-Hoc|ARM
		Ad-Hoc|iPhone = Ad-Hoc|iPhone
		Ad-Hoc|iPhoneSimulator = Ad-Hoc|iPhoneSimulator
		Ad-Hoc|x64 = Ad-Hoc|x64
		Ad-Hoc|x86 = Ad-Hoc|x86
		AppStore|Any CPU = AppStore|Any CPU
		AppStore|ARM = AppStore|ARM
		AppStore|iPhone = AppStore|iPhone
		AppStore|iPhoneSimulator = AppStore|iPhoneSimulator
		AppStore|x64 = AppStore|x64
		AppStore|x86 = AppStore|x86
		Debug|Any CPU = Debug|Any CPU
		Debug|ARM = Debug|ARM
		Debug|iPhone = Debug|iPhone
		Debug|iPhoneSimulator = Debug|iPhoneSimulator
		Debug|x64 = Debug|x64
		Debug|x86 = Debug|x86
		Release|Any CPU = Release|Any CPU
		Release|ARM = Release|ARM
		Release|iPhone = Release|iPhone
		Release|iPhoneSimulator = Release|iPhoneSimulator
		Release|x64 = Release|x64
		Release|x86 = Release|x86
	EndGlobalSection
	GlobalSection(ProjectConfigurationPlatforms) = postSolution
		{C8844AF2-A12E-471A-B2A6-7CA63105C1DD}.Ad-Hoc|Any CPU.ActiveCfg = Release|Any CPU
		{C8844AF2-A12E-471A-B2A6-7CA63105C1DD}.Ad-Hoc|Any CPU.Build.0 = Release|Any CPU
		{C8844AF2-A12E-471A-B2A6-7CA63105C1DD}.Ad-Hoc|Any CPU.Deploy.0 = Release|Any CPU
		{C8844AF2-A12E-471A-B2A6-7CA63105C1DD}.Ad-Hoc|ARM.ActiveCfg = Release|Any CPU
		{C8844AF2-A12E-471A-B2A6-7CA63105C1DD}.Ad-Hoc|ARM.Build.0 = Release|Any CPU
		{C8844AF2-A12E-471A-B2A6-7CA63105C1DD}.Ad-Hoc|ARM.Deploy.0 = Release|Any CPU
		{C8844AF2-A12E-471A-B2A6-7CA63105C1DD}.Ad-Hoc|iPhone.ActiveCfg = Release|Any CPU
		{C8844AF2-A12E-471A-B2A6-7CA63105C1DD}.Ad-Hoc|iPhone.Build.0 = Release|Any CPU
		{C8844AF2-A12E-471A-B2A6-7CA63105C1DD}.Ad-Hoc|iPhone.Deploy.0 = Release|Any CPU
		{C8844AF2-A12E-471A-B2A6-7CA63105C1DD}.Ad-Hoc|iPhoneSimulator.ActiveCfg = Release|Any CPU
		{C8844AF2-A12E-471A-B2A6-7CA63105C1DD}.Ad-Hoc|iPhoneSimulator.Build.0 = Release|Any CPU
		{C8844AF2-A12E-471A-B2A6-7CA63105C1DD}.Ad-Hoc|iPhoneSimulator.Deploy.0 = Release|Any CPU
		{C8844AF2-A12E-471A-B2A6-7CA63105C1DD}.Ad-Hoc|x64.ActiveCfg = Release|Any CPU
		{C8844AF2-A12E-471A-B2A6-7CA63105C1DD}.Ad-Hoc|x64.Build.0 = Release|Any CPU
		{C8844AF2-A12E-471A-B2A6-7CA63105C1DD}.Ad-Hoc|x64.Deploy.0 = Release|Any CPU
		{C8844AF2-A12E-471A-B2A6-7CA63105C1DD}.Ad-Hoc|x86.ActiveCfg = Release|Any CPU
		{C8844AF2-A12E-471A-B2A6-7CA63105C1DD}.Ad-Hoc|x86.Build.0 = Release|Any CPU
		{C8844AF2-A12E-471A-B2A6-7CA63105C1DD}.Ad-Hoc|x86.Deploy.0 = Release|Any CPU
		{C8844AF2-A12E-471A-B2A6-7CA63105C1DD}.AppStore|Any CPU.ActiveCfg = Release|Any CPU
		{C8844AF2-A12E-471A-B2A6-7CA63105C1DD}.AppStore|Any CPU.Build.0 = Release|Any CPU
		{C8844AF2-A12E-471A-B2A6-7CA63105C1DD}.AppStore|Any CPU.Deploy.0 = Release|Any CPU
		{C8844AF2-A12E-471A-B2A6-7CA63105C1DD}.AppStore|ARM.ActiveCfg = Release|Any CPU
		{C8844AF2-A12E-471A-B2A6-7CA63105C1DD}.AppStore|ARM.Build.0 = Release|Any CPU
		{C8844AF2-A12E-471A-B2A6-7CA63105C1DD}.AppStore|ARM.Deploy.0 = Release|Any CPU
		{C8844AF2-A12E-471A-B2A6-7CA63105C1DD}.AppStore|iPhone.ActiveCfg = Release|Any CPU
		{C8844AF2-A12E-471A-B2A6-7CA63105C1DD}.AppStore|iPhone.Build.0 = Release|Any CPU
		{C8844AF2-A12E-471A-B2A6-7CA63105C1DD}.AppStore|iPhone.Deploy.0 = Release|Any CPU
		{C8844AF2-A12E-471A-B2A6-7CA63105C1DD}.AppStore|iPhoneSimulator.ActiveCfg = Release|Any CPU
		{C8844AF2-A12E-471A-B2A6-7CA63105C1DD}.AppStore|iPhoneSimulator.Build.0 = Release|Any CPU
		{C8844AF2-A12E-471A-B2A6-7CA63105C1DD}.AppStore|iPhoneSimulator.Deploy.0 = Release|Any CPU
		{C8844AF2-A12E-471A-B2A6-7CA63105C1DD}.AppStore|x64.ActiveCfg = Release|Any CPU
		{C8844AF2-A12E-471A-B2A6-7CA63105C1DD}.AppStore|x64.Build.0 = Release|Any CPU
		{C8844AF2-A12E-471A-B2A6-7CA63105C1DD}.AppStore|x64.Deploy.0 = Release|Any CPU
		{C8844AF2-A12E-471A-B2A6-7CA63105C1DD}.AppStore|x86.ActiveCfg = Release|Any CPU
		{C8844AF2-A12E-471A-B2A6-7CA63105C1DD}.AppStore|x86.Build.0 = Release|Any CPU
		{C8844AF2-A12E-471A-B2A6-7CA63105C1DD}.AppStore|x86.Deploy.0 = Release|Any CPU
		{C8844AF2-A12E-471A-B2A6-7CA63105C1DD}.Debug|Any CPU.ActiveCfg = Debug|Any CPU
		{C8844AF2-A12E-471A-B2A6-7CA63105C1DD}.Debug|Any CPU.Build.0 = Debug|Any CPU
		{C8844AF2-A12E-471A-B2A6-7CA63105C1DD}.Debug|Any CPU.Deploy.0 = Debug|Any CPU
		{C8844AF2-A12E-471A-B2A6-7CA63105C1DD}.Debug|ARM.ActiveCfg = Debug|Any CPU
		{C8844AF2-A12E-471A-B2A6-7CA63105C1DD}.Debug|ARM.Build.0 = Debug|Any CPU
		{C8844AF2-A12E-471A-B2A6-7CA63105C1DD}.Debug|ARM.Deploy.0 = Debug|Any CPU
		{C8844AF2-A12E-471A-B2A6-7CA63105C1DD}.Debug|iPhone.ActiveCfg = Debug|Any CPU
		{C8844AF2-A12E-471A-B2A6-7CA63105C1DD}.Debug|iPhone.Build.0 = Debug|Any CPU
		{C8844AF2-A12E-471A-B2A6-7CA63105C1DD}.Debug|iPhone.Deploy.0 = Debug|Any CPU
		{C8844AF2-A12E-471A-B2A6-7CA63105C1DD}.Debug|iPhoneSimulator.ActiveCfg = Debug|Any CPU
		{C8844AF2-A12E-471A-B2A6-7CA63105C1DD}.Debug|iPhoneSimulator.Build.0 = Debug|Any CPU
		{C8844AF2-A12E-471A-B2A6-7CA63105C1DD}.Debug|iPhoneSimulator.Deploy.0 = Debug|Any CPU
		{C8844AF2-A12E-471A-B2A6-7CA63105C1DD}.Debug|x64.ActiveCfg = Debug|Any CPU
		{C8844AF2-A12E-471A-B2A6-7CA63105C1DD}.Debug|x64.Build.0 = Debug|Any CPU
		{C8844AF2-A12E-471A-B2A6-7CA63105C1DD}.Debug|x64.Deploy.0 = Debug|Any CPU
		{C8844AF2-A12E-471A-B2A6-7CA63105C1DD}.Debug|x86.ActiveCfg = Debug|Any CPU
		{C8844AF2-A12E-471A-B2A6-7CA63105C1DD}.Debug|x86.Build.0 = Debug|Any CPU
		{C8844AF2-A12E-471A-B2A6-7CA63105C1DD}.Debug|x86.Deploy.0 = Debug|Any CPU
		{C8844AF2-A12E-471A-B2A6-7CA63105C1DD}.Release|Any CPU.ActiveCfg = Release|Any CPU
		{C8844AF2-A12E-471A-B2A6-7CA63105C1DD}.Release|Any CPU.Build.0 = Release|Any CPU
		{C8844AF2-A12E-471A-B2A6-7CA63105C1DD}.Release|Any CPU.Deploy.0 = Release|Any CPU
		{C8844AF2-A12E-471A-B2A6-7CA63105C1DD}.Release|ARM.ActiveCfg = Release|Any CPU
		{C8844AF2-A12E-471A-B2A6-7CA63105C1DD}.Release|ARM.Build.0 = Release|Any CPU
		{C8844AF2-A12E-471A-B2A6-7CA63105C1DD}.Release|ARM.Deploy.0 = Release|Any CPU
		{C8844AF2-A12E-471A-B2A6-7CA63105C1DD}.Release|iPhone.ActiveCfg = Release|Any CPU
		{C8844AF2-A12E-471A-B2A6-7CA63105C1DD}.Release|iPhone.Build.0 = Release|Any CPU
		{C8844AF2-A12E-471A-B2A6-7CA63105C1DD}.Release|iPhone.Deploy.0 = Release|Any CPU
		{C8844AF2-A12E-471A-B2A6-7CA63105C1DD}.Release|iPhoneSimulator.ActiveCfg = Release|Any CPU
		{C8844AF2-A12E-471A-B2A6-7CA63105C1DD}.Release|iPhoneSimulator.Build.0 = Release|Any CPU
		{C8844AF2-A12E-471A-B2A6-7CA63105C1DD}.Release|iPhoneSimulator.Deploy.0 = Release|Any CPU
		{C8844AF2-A12E-471A-B2A6-7CA63105C1DD}.Release|x64.ActiveCfg = Release|Any CPU
		{C8844AF2-A12E-471A-B2A6-7CA63105C1DD}.Release|x64.Build.0 = Release|Any CPU
		{C8844AF2-A12E-471A-B2A6-7CA63105C1DD}.Release|x64.Deploy.0 = Release|Any CPU
		{C8844AF2-A12E-471A-B2A6-7CA63105C1DD}.Release|x86.ActiveCfg = Release|Any CPU
		{C8844AF2-A12E-471A-B2A6-7CA63105C1DD}.Release|x86.Build.0 = Release|Any CPU
		{C8844AF2-A12E-471A-B2A6-7CA63105C1DD}.Release|x86.Deploy.0 = Release|Any CPU
		{3E918729-9CDB-4CDA-9E02-78294D26229E}.Ad-Hoc|Any CPU.ActiveCfg = Ad-Hoc|iPhone
		{3E918729-9CDB-4CDA-9E02-78294D26229E}.Ad-Hoc|Any CPU.Build.0 = Ad-Hoc|iPhone
		{3E918729-9CDB-4CDA-9E02-78294D26229E}.Ad-Hoc|Any CPU.Deploy.0 = Ad-Hoc|iPhone
		{3E918729-9CDB-4CDA-9E02-78294D26229E}.Ad-Hoc|ARM.ActiveCfg = Ad-Hoc|iPhone
		{3E918729-9CDB-4CDA-9E02-78294D26229E}.Ad-Hoc|ARM.Build.0 = Ad-Hoc|iPhone
		{3E918729-9CDB-4CDA-9E02-78294D26229E}.Ad-Hoc|ARM.Deploy.0 = Ad-Hoc|iPhone
		{3E918729-9CDB-4CDA-9E02-78294D26229E}.Ad-Hoc|iPhone.ActiveCfg = Ad-Hoc|iPhone
		{3E918729-9CDB-4CDA-9E02-78294D26229E}.Ad-Hoc|iPhone.Build.0 = Ad-Hoc|iPhone
		{3E918729-9CDB-4CDA-9E02-78294D26229E}.Ad-Hoc|iPhone.Deploy.0 = Ad-Hoc|iPhone
		{3E918729-9CDB-4CDA-9E02-78294D26229E}.Ad-Hoc|iPhoneSimulator.ActiveCfg = Ad-Hoc|iPhoneSimulator
		{3E918729-9CDB-4CDA-9E02-78294D26229E}.Ad-Hoc|iPhoneSimulator.Build.0 = Ad-Hoc|iPhoneSimulator
		{3E918729-9CDB-4CDA-9E02-78294D26229E}.Ad-Hoc|iPhoneSimulator.Deploy.0 = Ad-Hoc|iPhoneSimulator
		{3E918729-9CDB-4CDA-9E02-78294D26229E}.Ad-Hoc|x64.ActiveCfg = Ad-Hoc|iPhone
		{3E918729-9CDB-4CDA-9E02-78294D26229E}.Ad-Hoc|x64.Build.0 = Ad-Hoc|iPhone
		{3E918729-9CDB-4CDA-9E02-78294D26229E}.Ad-Hoc|x64.Deploy.0 = Ad-Hoc|iPhone
		{3E918729-9CDB-4CDA-9E02-78294D26229E}.Ad-Hoc|x86.ActiveCfg = Ad-Hoc|iPhone
		{3E918729-9CDB-4CDA-9E02-78294D26229E}.Ad-Hoc|x86.Build.0 = Ad-Hoc|iPhone
		{3E918729-9CDB-4CDA-9E02-78294D26229E}.Ad-Hoc|x86.Deploy.0 = Ad-Hoc|iPhone
		{3E918729-9CDB-4CDA-9E02-78294D26229E}.AppStore|Any CPU.ActiveCfg = AppStore|iPhone
		{3E918729-9CDB-4CDA-9E02-78294D26229E}.AppStore|Any CPU.Build.0 = AppStore|iPhone
		{3E918729-9CDB-4CDA-9E02-78294D26229E}.AppStore|Any CPU.Deploy.0 = AppStore|iPhone
		{3E918729-9CDB-4CDA-9E02-78294D26229E}.AppStore|ARM.ActiveCfg = AppStore|iPhone
		{3E918729-9CDB-4CDA-9E02-78294D26229E}.AppStore|ARM.Build.0 = AppStore|iPhone
		{3E918729-9CDB-4CDA-9E02-78294D26229E}.AppStore|ARM.Deploy.0 = AppStore|iPhone
		{3E918729-9CDB-4CDA-9E02-78294D26229E}.AppStore|iPhone.ActiveCfg = AppStore|iPhone
		{3E918729-9CDB-4CDA-9E02-78294D26229E}.AppStore|iPhone.Build.0 = AppStore|iPhone
		{3E918729-9CDB-4CDA-9E02-78294D26229E}.AppStore|iPhone.Deploy.0 = AppStore|iPhone
		{3E918729-9CDB-4CDA-9E02-78294D26229E}.AppStore|iPhoneSimulator.ActiveCfg = AppStore|iPhoneSimulator
		{3E918729-9CDB-4CDA-9E02-78294D26229E}.AppStore|iPhoneSimulator.Build.0 = AppStore|iPhoneSimulator
		{3E918729-9CDB-4CDA-9E02-78294D26229E}.AppStore|iPhoneSimulator.Deploy.0 = AppStore|iPhoneSimulator
		{3E918729-9CDB-4CDA-9E02-78294D26229E}.AppStore|x64.ActiveCfg = AppStore|iPhone
		{3E918729-9CDB-4CDA-9E02-78294D26229E}.AppStore|x64.Build.0 = AppStore|iPhone
		{3E918729-9CDB-4CDA-9E02-78294D26229E}.AppStore|x64.Deploy.0 = AppStore|iPhone
		{3E918729-9CDB-4CDA-9E02-78294D26229E}.AppStore|x86.ActiveCfg = AppStore|iPhone
		{3E918729-9CDB-4CDA-9E02-78294D26229E}.AppStore|x86.Build.0 = AppStore|iPhone
		{3E918729-9CDB-4CDA-9E02-78294D26229E}.AppStore|x86.Deploy.0 = AppStore|iPhone
		{3E918729-9CDB-4CDA-9E02-78294D26229E}.Debug|Any CPU.ActiveCfg = Debug|iPhoneSimulator
		{3E918729-9CDB-4CDA-9E02-78294D26229E}.Debug|Any CPU.Build.0 = Debug|iPhoneSimulator
		{3E918729-9CDB-4CDA-9E02-78294D26229E}.Debug|Any CPU.Deploy.0 = Debug|iPhoneSimulator
		{3E918729-9CDB-4CDA-9E02-78294D26229E}.Debug|ARM.ActiveCfg = Debug|iPhone
		{3E918729-9CDB-4CDA-9E02-78294D26229E}.Debug|ARM.Build.0 = Debug|iPhone
		{3E918729-9CDB-4CDA-9E02-78294D26229E}.Debug|ARM.Deploy.0 = Debug|iPhone
		{3E918729-9CDB-4CDA-9E02-78294D26229E}.Debug|iPhone.ActiveCfg = Debug|iPhone
		{3E918729-9CDB-4CDA-9E02-78294D26229E}.Debug|iPhone.Build.0 = Debug|iPhone
		{3E918729-9CDB-4CDA-9E02-78294D26229E}.Debug|iPhone.Deploy.0 = Debug|iPhone
		{3E918729-9CDB-4CDA-9E02-78294D26229E}.Debug|iPhoneSimulator.ActiveCfg = Debug|iPhoneSimulator
		{3E918729-9CDB-4CDA-9E02-78294D26229E}.Debug|iPhoneSimulator.Build.0 = Debug|iPhoneSimulator
		{3E918729-9CDB-4CDA-9E02-78294D26229E}.Debug|iPhoneSimulator.Deploy.0 = Debug|iPhoneSimulator
		{3E918729-9CDB-4CDA-9E02-78294D26229E}.Debug|x64.ActiveCfg = Debug|iPhone
		{3E918729-9CDB-4CDA-9E02-78294D26229E}.Debug|x64.Build.0 = Debug|iPhone
		{3E918729-9CDB-4CDA-9E02-78294D26229E}.Debug|x64.Deploy.0 = Debug|iPhone
		{3E918729-9CDB-4CDA-9E02-78294D26229E}.Debug|x86.ActiveCfg = Debug|iPhone
		{3E918729-9CDB-4CDA-9E02-78294D26229E}.Debug|x86.Build.0 = Debug|iPhone
		{3E918729-9CDB-4CDA-9E02-78294D26229E}.Debug|x86.Deploy.0 = Debug|iPhone
		{3E918729-9CDB-4CDA-9E02-78294D26229E}.Release|Any CPU.ActiveCfg = Release|iPhone
		{3E918729-9CDB-4CDA-9E02-78294D26229E}.Release|Any CPU.Build.0 = Release|iPhone
		{3E918729-9CDB-4CDA-9E02-78294D26229E}.Release|Any CPU.Deploy.0 = Release|iPhone
		{3E918729-9CDB-4CDA-9E02-78294D26229E}.Release|ARM.ActiveCfg = Release|iPhone
		{3E918729-9CDB-4CDA-9E02-78294D26229E}.Release|ARM.Build.0 = Release|iPhone
		{3E918729-9CDB-4CDA-9E02-78294D26229E}.Release|ARM.Deploy.0 = Release|iPhone
		{3E918729-9CDB-4CDA-9E02-78294D26229E}.Release|iPhone.ActiveCfg = Release|iPhone
		{3E918729-9CDB-4CDA-9E02-78294D26229E}.Release|iPhone.Build.0 = Release|iPhone
		{3E918729-9CDB-4CDA-9E02-78294D26229E}.Release|iPhone.Deploy.0 = Release|iPhone
		{3E918729-9CDB-4CDA-9E02-78294D26229E}.Release|iPhoneSimulator.ActiveCfg = Release|iPhone
		{3E918729-9CDB-4CDA-9E02-78294D26229E}.Release|iPhoneSimulator.Build.0 = Release|iPhone
		{3E918729-9CDB-4CDA-9E02-78294D26229E}.Release|iPhoneSimulator.Deploy.0 = Release|iPhone
		{3E918729-9CDB-4CDA-9E02-78294D26229E}.Release|x64.ActiveCfg = Release|iPhone
		{3E918729-9CDB-4CDA-9E02-78294D26229E}.Release|x64.Build.0 = Release|iPhone
		{3E918729-9CDB-4CDA-9E02-78294D26229E}.Release|x64.Deploy.0 = Release|iPhone
		{3E918729-9CDB-4CDA-9E02-78294D26229E}.Release|x86.ActiveCfg = Release|iPhone
		{3E918729-9CDB-4CDA-9E02-78294D26229E}.Release|x86.Build.0 = Release|iPhone
		{3E918729-9CDB-4CDA-9E02-78294D26229E}.Release|x86.Deploy.0 = Release|iPhone
		{520764A9-7FEF-4304-9CB5-59A22F047EF6}.Ad-Hoc|Any CPU.ActiveCfg = Release|x86
		{520764A9-7FEF-4304-9CB5-59A22F047EF6}.Ad-Hoc|Any CPU.Build.0 = Release|x86
		{520764A9-7FEF-4304-9CB5-59A22F047EF6}.Ad-Hoc|Any CPU.Deploy.0 = Release|x86
		{520764A9-7FEF-4304-9CB5-59A22F047EF6}.Ad-Hoc|ARM.ActiveCfg = Release|ARM
		{520764A9-7FEF-4304-9CB5-59A22F047EF6}.Ad-Hoc|ARM.Build.0 = Release|ARM
		{520764A9-7FEF-4304-9CB5-59A22F047EF6}.Ad-Hoc|ARM.Deploy.0 = Release|ARM
		{520764A9-7FEF-4304-9CB5-59A22F047EF6}.Ad-Hoc|iPhone.ActiveCfg = Release|x86
		{520764A9-7FEF-4304-9CB5-59A22F047EF6}.Ad-Hoc|iPhone.Build.0 = Release|x86
		{520764A9-7FEF-4304-9CB5-59A22F047EF6}.Ad-Hoc|iPhone.Deploy.0 = Release|x86
		{520764A9-7FEF-4304-9CB5-59A22F047EF6}.Ad-Hoc|iPhoneSimulator.ActiveCfg = Release|x86
		{520764A9-7FEF-4304-9CB5-59A22F047EF6}.Ad-Hoc|iPhoneSimulator.Build.0 = Release|x86
		{520764A9-7FEF-4304-9CB5-59A22F047EF6}.Ad-Hoc|iPhoneSimulator.Deploy.0 = Release|x86
		{520764A9-7FEF-4304-9CB5-59A22F047EF6}.Ad-Hoc|x64.ActiveCfg = Release|x64
		{520764A9-7FEF-4304-9CB5-59A22F047EF6}.Ad-Hoc|x64.Build.0 = Release|x64
		{520764A9-7FEF-4304-9CB5-59A22F047EF6}.Ad-Hoc|x64.Deploy.0 = Release|x64
		{520764A9-7FEF-4304-9CB5-59A22F047EF6}.Ad-Hoc|x86.ActiveCfg = Release|x86
		{520764A9-7FEF-4304-9CB5-59A22F047EF6}.Ad-Hoc|x86.Build.0 = Release|x86
		{520764A9-7FEF-4304-9CB5-59A22F047EF6}.Ad-Hoc|x86.Deploy.0 = Release|x86
		{520764A9-7FEF-4304-9CB5-59A22F047EF6}.AppStore|Any CPU.ActiveCfg = Release|x86
		{520764A9-7FEF-4304-9CB5-59A22F047EF6}.AppStore|Any CPU.Build.0 = Release|x86
		{520764A9-7FEF-4304-9CB5-59A22F047EF6}.AppStore|Any CPU.Deploy.0 = Release|x86
		{520764A9-7FEF-4304-9CB5-59A22F047EF6}.AppStore|ARM.ActiveCfg = Release|ARM
		{520764A9-7FEF-4304-9CB5-59A22F047EF6}.AppStore|ARM.Build.0 = Release|ARM
		{520764A9-7FEF-4304-9CB5-59A22F047EF6}.AppStore|ARM.Deploy.0 = Release|ARM
		{520764A9-7FEF-4304-9CB5-59A22F047EF6}.AppStore|iPhone.ActiveCfg = Release|x86
		{520764A9-7FEF-4304-9CB5-59A22F047EF6}.AppStore|iPhone.Build.0 = Release|x86
		{520764A9-7FEF-4304-9CB5-59A22F047EF6}.AppStore|iPhone.Deploy.0 = Release|x86
		{520764A9-7FEF-4304-9CB5-59A22F047EF6}.AppStore|iPhoneSimulator.ActiveCfg = Release|x86
		{520764A9-7FEF-4304-9CB5-59A22F047EF6}.AppStore|iPhoneSimulator.Build.0 = Release|x86
		{520764A9-7FEF-4304-9CB5-59A22F047EF6}.AppStore|iPhoneSimulator.Deploy.0 = Release|x86
		{520764A9-7FEF-4304-9CB5-59A22F047EF6}.AppStore|x64.ActiveCfg = Release|x64
		{520764A9-7FEF-4304-9CB5-59A22F047EF6}.AppStore|x64.Build.0 = Release|x64
		{520764A9-7FEF-4304-9CB5-59A22F047EF6}.AppStore|x64.Deploy.0 = Release|x64
		{520764A9-7FEF-4304-9CB5-59A22F047EF6}.AppStore|x86.ActiveCfg = Release|x86
		{520764A9-7FEF-4304-9CB5-59A22F047EF6}.AppStore|x86.Build.0 = Release|x86
		{520764A9-7FEF-4304-9CB5-59A22F047EF6}.AppStore|x86.Deploy.0 = Release|x86
		{520764A9-7FEF-4304-9CB5-59A22F047EF6}.Debug|Any CPU.ActiveCfg = Debug|x86
		{520764A9-7FEF-4304-9CB5-59A22F047EF6}.Debug|Any CPU.Build.0 = Debug|x86
		{520764A9-7FEF-4304-9CB5-59A22F047EF6}.Debug|Any CPU.Deploy.0 = Debug|x86
		{520764A9-7FEF-4304-9CB5-59A22F047EF6}.Debug|ARM.ActiveCfg = Debug|ARM
		{520764A9-7FEF-4304-9CB5-59A22F047EF6}.Debug|ARM.Build.0 = Debug|ARM
		{520764A9-7FEF-4304-9CB5-59A22F047EF6}.Debug|ARM.Deploy.0 = Debug|ARM
		{520764A9-7FEF-4304-9CB5-59A22F047EF6}.Debug|iPhone.ActiveCfg = Debug|x86
		{520764A9-7FEF-4304-9CB5-59A22F047EF6}.Debug|iPhone.Build.0 = Debug|x86
		{520764A9-7FEF-4304-9CB5-59A22F047EF6}.Debug|iPhone.Deploy.0 = Debug|x86
		{520764A9-7FEF-4304-9CB5-59A22F047EF6}.Debug|iPhoneSimulator.ActiveCfg = Debug|x86
		{520764A9-7FEF-4304-9CB5-59A22F047EF6}.Debug|iPhoneSimulator.Build.0 = Debug|x86
		{520764A9-7FEF-4304-9CB5-59A22F047EF6}.Debug|iPhoneSimulator.Deploy.0 = Debug|x86
		{520764A9-7FEF-4304-9CB5-59A22F047EF6}.Debug|x64.ActiveCfg = Debug|x64
		{520764A9-7FEF-4304-9CB5-59A22F047EF6}.Debug|x64.Build.0 = Debug|x64
		{520764A9-7FEF-4304-9CB5-59A22F047EF6}.Debug|x64.Deploy.0 = Debug|x64
		{520764A9-7FEF-4304-9CB5-59A22F047EF6}.Debug|x86.ActiveCfg = Debug|x86
		{520764A9-7FEF-4304-9CB5-59A22F047EF6}.Debug|x86.Build.0 = Debug|x86
		{520764A9-7FEF-4304-9CB5-59A22F047EF6}.Debug|x86.Deploy.0 = Debug|x86
		{520764A9-7FEF-4304-9CB5-59A22F047EF6}.Release|Any CPU.ActiveCfg = Release|x86
		{520764A9-7FEF-4304-9CB5-59A22F047EF6}.Release|Any CPU.Build.0 = Release|x86
		{520764A9-7FEF-4304-9CB5-59A22F047EF6}.Release|Any CPU.Deploy.0 = Release|x86
		{520764A9-7FEF-4304-9CB5-59A22F047EF6}.Release|ARM.ActiveCfg = Release|ARM
		{520764A9-7FEF-4304-9CB5-59A22F047EF6}.Release|ARM.Build.0 = Release|ARM
		{520764A9-7FEF-4304-9CB5-59A22F047EF6}.Release|ARM.Deploy.0 = Release|ARM
		{520764A9-7FEF-4304-9CB5-59A22F047EF6}.Release|iPhone.ActiveCfg = Release|x86
		{520764A9-7FEF-4304-9CB5-59A22F047EF6}.Release|iPhone.Build.0 = Release|x86
		{520764A9-7FEF-4304-9CB5-59A22F047EF6}.Release|iPhone.Deploy.0 = Release|x86
		{520764A9-7FEF-4304-9CB5-59A22F047EF6}.Release|iPhoneSimulator.ActiveCfg = Release|x86
		{520764A9-7FEF-4304-9CB5-59A22F047EF6}.Release|iPhoneSimulator.Build.0 = Release|x86
		{520764A9-7FEF-4304-9CB5-59A22F047EF6}.Release|iPhoneSimulator.Deploy.0 = Release|x86
		{520764A9-7FEF-4304-9CB5-59A22F047EF6}.Release|x64.ActiveCfg = Release|x64
		{520764A9-7FEF-4304-9CB5-59A22F047EF6}.Release|x64.Build.0 = Release|x64
		{520764A9-7FEF-4304-9CB5-59A22F047EF6}.Release|x64.Deploy.0 = Release|x64
		{520764A9-7FEF-4304-9CB5-59A22F047EF6}.Release|x86.ActiveCfg = Release|x86
		{520764A9-7FEF-4304-9CB5-59A22F047EF6}.Release|x86.Build.0 = Release|x86
		{520764A9-7FEF-4304-9CB5-59A22F047EF6}.Release|x86.Deploy.0 = Release|x86
		{405E014D-F4E8-470C-BD9C-670DDD91962D}.Ad-Hoc|Any CPU.ActiveCfg = Debug|Any CPU
		{405E014D-F4E8-470C-BD9C-670DDD91962D}.Ad-Hoc|Any CPU.Build.0 = Debug|Any CPU
		{405E014D-F4E8-470C-BD9C-670DDD91962D}.Ad-Hoc|Any CPU.Deploy.0 = Debug|Any CPU
		{405E014D-F4E8-470C-BD9C-670DDD91962D}.Ad-Hoc|ARM.ActiveCfg = Debug|Any CPU
		{405E014D-F4E8-470C-BD9C-670DDD91962D}.Ad-Hoc|ARM.Build.0 = Debug|Any CPU
		{405E014D-F4E8-470C-BD9C-670DDD91962D}.Ad-Hoc|ARM.Deploy.0 = Debug|Any CPU
		{405E014D-F4E8-470C-BD9C-670DDD91962D}.Ad-Hoc|iPhone.ActiveCfg = Debug|Any CPU
		{405E014D-F4E8-470C-BD9C-670DDD91962D}.Ad-Hoc|iPhone.Build.0 = Debug|Any CPU
		{405E014D-F4E8-470C-BD9C-670DDD91962D}.Ad-Hoc|iPhone.Deploy.0 = Debug|Any CPU
		{405E014D-F4E8-470C-BD9C-670DDD91962D}.Ad-Hoc|iPhoneSimulator.ActiveCfg = Debug|Any CPU
		{405E014D-F4E8-470C-BD9C-670DDD91962D}.Ad-Hoc|iPhoneSimulator.Build.0 = Debug|Any CPU
		{405E014D-F4E8-470C-BD9C-670DDD91962D}.Ad-Hoc|iPhoneSimulator.Deploy.0 = Debug|Any CPU
		{405E014D-F4E8-470C-BD9C-670DDD91962D}.Ad-Hoc|x64.ActiveCfg = Debug|Any CPU
		{405E014D-F4E8-470C-BD9C-670DDD91962D}.Ad-Hoc|x64.Build.0 = Debug|Any CPU
		{405E014D-F4E8-470C-BD9C-670DDD91962D}.Ad-Hoc|x64.Deploy.0 = Debug|Any CPU
		{405E014D-F4E8-470C-BD9C-670DDD91962D}.Ad-Hoc|x86.ActiveCfg = Debug|Any CPU
		{405E014D-F4E8-470C-BD9C-670DDD91962D}.Ad-Hoc|x86.Build.0 = Debug|Any CPU
		{405E014D-F4E8-470C-BD9C-670DDD91962D}.Ad-Hoc|x86.Deploy.0 = Debug|Any CPU
		{405E014D-F4E8-470C-BD9C-670DDD91962D}.AppStore|Any CPU.ActiveCfg = Debug|Any CPU
		{405E014D-F4E8-470C-BD9C-670DDD91962D}.AppStore|Any CPU.Build.0 = Debug|Any CPU
		{405E014D-F4E8-470C-BD9C-670DDD91962D}.AppStore|Any CPU.Deploy.0 = Debug|Any CPU
		{405E014D-F4E8-470C-BD9C-670DDD91962D}.AppStore|ARM.ActiveCfg = Debug|Any CPU
		{405E014D-F4E8-470C-BD9C-670DDD91962D}.AppStore|ARM.Build.0 = Debug|Any CPU
		{405E014D-F4E8-470C-BD9C-670DDD91962D}.AppStore|ARM.Deploy.0 = Debug|Any CPU
		{405E014D-F4E8-470C-BD9C-670DDD91962D}.AppStore|iPhone.ActiveCfg = Debug|Any CPU
		{405E014D-F4E8-470C-BD9C-670DDD91962D}.AppStore|iPhone.Build.0 = Debug|Any CPU
		{405E014D-F4E8-470C-BD9C-670DDD91962D}.AppStore|iPhone.Deploy.0 = Debug|Any CPU
		{405E014D-F4E8-470C-BD9C-670DDD91962D}.AppStore|iPhoneSimulator.ActiveCfg = Debug|Any CPU
		{405E014D-F4E8-470C-BD9C-670DDD91962D}.AppStore|iPhoneSimulator.Build.0 = Debug|Any CPU
		{405E014D-F4E8-470C-BD9C-670DDD91962D}.AppStore|iPhoneSimulator.Deploy.0 = Debug|Any CPU
		{405E014D-F4E8-470C-BD9C-670DDD91962D}.AppStore|x64.ActiveCfg = Debug|Any CPU
		{405E014D-F4E8-470C-BD9C-670DDD91962D}.AppStore|x64.Build.0 = Debug|Any CPU
		{405E014D-F4E8-470C-BD9C-670DDD91962D}.AppStore|x64.Deploy.0 = Debug|Any CPU
		{405E014D-F4E8-470C-BD9C-670DDD91962D}.AppStore|x86.ActiveCfg = Debug|Any CPU
		{405E014D-F4E8-470C-BD9C-670DDD91962D}.AppStore|x86.Build.0 = Debug|Any CPU
		{405E014D-F4E8-470C-BD9C-670DDD91962D}.AppStore|x86.Deploy.0 = Debug|Any CPU
		{405E014D-F4E8-470C-BD9C-670DDD91962D}.Debug|Any CPU.ActiveCfg = Debug|Any CPU
		{405E014D-F4E8-470C-BD9C-670DDD91962D}.Debug|Any CPU.Build.0 = Debug|Any CPU
		{405E014D-F4E8-470C-BD9C-670DDD91962D}.Debug|Any CPU.Deploy.0 = Debug|Any CPU
		{405E014D-F4E8-470C-BD9C-670DDD91962D}.Debug|ARM.ActiveCfg = Debug|Any CPU
		{405E014D-F4E8-470C-BD9C-670DDD91962D}.Debug|ARM.Build.0 = Debug|Any CPU
		{405E014D-F4E8-470C-BD9C-670DDD91962D}.Debug|ARM.Deploy.0 = Debug|Any CPU
		{405E014D-F4E8-470C-BD9C-670DDD91962D}.Debug|iPhone.ActiveCfg = Debug|Any CPU
		{405E014D-F4E8-470C-BD9C-670DDD91962D}.Debug|iPhone.Build.0 = Debug|Any CPU
		{405E014D-F4E8-470C-BD9C-670DDD91962D}.Debug|iPhone.Deploy.0 = Debug|Any CPU
		{405E014D-F4E8-470C-BD9C-670DDD91962D}.Debug|iPhoneSimulator.ActiveCfg = Debug|Any CPU
		{405E014D-F4E8-470C-BD9C-670DDD91962D}.Debug|iPhoneSimulator.Build.0 = Debug|Any CPU
		{405E014D-F4E8-470C-BD9C-670DDD91962D}.Debug|iPhoneSimulator.Deploy.0 = Debug|Any CPU
		{405E014D-F4E8-470C-BD9C-670DDD91962D}.Debug|x64.ActiveCfg = Debug|Any CPU
		{405E014D-F4E8-470C-BD9C-670DDD91962D}.Debug|x64.Build.0 = Debug|Any CPU
		{405E014D-F4E8-470C-BD9C-670DDD91962D}.Debug|x64.Deploy.0 = Debug|Any CPU
		{405E014D-F4E8-470C-BD9C-670DDD91962D}.Debug|x86.ActiveCfg = Debug|Any CPU
		{405E014D-F4E8-470C-BD9C-670DDD91962D}.Debug|x86.Build.0 = Debug|Any CPU
		{405E014D-F4E8-470C-BD9C-670DDD91962D}.Debug|x86.Deploy.0 = Debug|Any CPU
		{405E014D-F4E8-470C-BD9C-670DDD91962D}.Release|Any CPU.ActiveCfg = Release|Any CPU
		{405E014D-F4E8-470C-BD9C-670DDD91962D}.Release|Any CPU.Build.0 = Release|Any CPU
		{405E014D-F4E8-470C-BD9C-670DDD91962D}.Release|Any CPU.Deploy.0 = Release|Any CPU
		{405E014D-F4E8-470C-BD9C-670DDD91962D}.Release|ARM.ActiveCfg = Release|Any CPU
		{405E014D-F4E8-470C-BD9C-670DDD91962D}.Release|ARM.Build.0 = Release|Any CPU
		{405E014D-F4E8-470C-BD9C-670DDD91962D}.Release|ARM.Deploy.0 = Release|Any CPU
		{405E014D-F4E8-470C-BD9C-670DDD91962D}.Release|iPhone.ActiveCfg = Release|Any CPU
		{405E014D-F4E8-470C-BD9C-670DDD91962D}.Release|iPhone.Build.0 = Release|Any CPU
		{405E014D-F4E8-470C-BD9C-670DDD91962D}.Release|iPhone.Deploy.0 = Release|Any CPU
		{405E014D-F4E8-470C-BD9C-670DDD91962D}.Release|iPhoneSimulator.ActiveCfg = Release|Any CPU
		{405E014D-F4E8-470C-BD9C-670DDD91962D}.Release|iPhoneSimulator.Build.0 = Release|Any CPU
		{405E014D-F4E8-470C-BD9C-670DDD91962D}.Release|iPhoneSimulator.Deploy.0 = Release|Any CPU
		{405E014D-F4E8-470C-BD9C-670DDD91962D}.Release|x64.ActiveCfg = Release|Any CPU
		{405E014D-F4E8-470C-BD9C-670DDD91962D}.Release|x64.Build.0 = Release|Any CPU
		{405E014D-F4E8-470C-BD9C-670DDD91962D}.Release|x64.Deploy.0 = Release|Any CPU
		{405E014D-F4E8-470C-BD9C-670DDD91962D}.Release|x86.ActiveCfg = Release|Any CPU
		{405E014D-F4E8-470C-BD9C-670DDD91962D}.Release|x86.Build.0 = Release|Any CPU
		{405E014D-F4E8-470C-BD9C-670DDD91962D}.Release|x86.Deploy.0 = Release|Any CPU
	EndGlobalSection
	GlobalSection(SolutionProperties) = preSolution
		HideSolutionNode = FALSE
	EndGlobalSection
	GlobalSection(ExtensibilityGlobals) = postSolution
		SolutionGuid = {2DD151D7-FD44-458D-B87C-16258FEC359B}
	EndGlobalSection
EndGlobal
